
Microsoft Visual Studio Solution File, Format Version 12.00
# Visual Studio Version 16
VisualStudioVersion = 16.0.29409.12
MinimumVisualStudioVersion = 10.0.40219.1
Project("{FAE04EC0-301F-11D3-BF4B-00C04F79EFBC}") = "DOH-AMSTowingWidget", "DOH-AMSTowingWidget.csproj", "{CFBC5150-0DB2-4B21-B4D1-261F7A1D7E2E}"
EndProject
Project("{FAE04EC0-301F-11D3-BF4B-00C04F79EFBC}") = "AMSTest", "..\AMSTest\AMSTest.csproj", "{3AD8A1AC-946D-44F7-A25C-51927791FF81}"
EndProject
Global
	GlobalSection(SolutionConfigurationPlatforms) = preSolution
		Debug|Any CPU = Debug|Any CPU
		Release|Any CPU = Release|Any CPU
	EndGlobalSection
	GlobalSection(ProjectConfigurationPlatforms) = postSolution
		{CFBC5150-0DB2-4B21-B4D1-261F7A1D7E2E}.Debug|Any CPU.ActiveCfg = Debug|Any CPU
		{CFBC5150-0DB2-4B21-B4D1-261F7A1D7E2E}.Debug|Any CPU.Build.0 = Debug|Any CPU
		{CFBC5150-0DB2-4B21-B4D1-261F7A1D7E2E}.Release|Any CPU.ActiveCfg = Release|Any CPU
		{CFBC5150-0DB2-4B21-B4D1-261F7A1D7E2E}.Release|Any CPU.Build.0 = Release|Any CPU
		{3AD8A1AC-946D-44F7-A25C-51927791FF81}.Debug|Any CPU.ActiveCfg = Debug|Any CPU
		{3AD8A1AC-946D-44F7-A25C-51927791FF81}.Debug|Any CPU.Build.0 = Debug|Any CPU
		{3AD8A1AC-946D-44F7-A25C-51927791FF81}.Release|Any CPU.ActiveCfg = Release|Any CPU
		{3AD8A1AC-946D-44F7-A25C-51927791FF81}.Release|Any CPU.Build.0 = Release|Any CPU
	EndGlobalSection
	GlobalSection(SolutionProperties) = preSolution
		HideSolutionNode = FALSE
	EndGlobalSection
	GlobalSection(ExtensibilityGlobals) = postSolution
		SolutionGuid = {668B7178-EA9B-43B6-9A8C-8B71F01AA9DD}
	EndGlobalSection
EndGlobal
